{
  "version": 4,
  "terraform_version": "1.3.7",
  "serial": 120,
  "lineage": "5af5a042-8c7e-72ee-5049-ea57b40c0aa4",
  "outputs": {
    "bucket": {
      "value": "url-bucket-tf1 is successfully provisioned ",
      "type": "string"
    }
  },
  "resources": [
    {
      "mode": "managed",
      "type": "google_storage_bucket",
      "name": "MyBucket",
      "provider": "provider[\"registry.terraform.io/hashicorp/google\"]",
      "instances": [
        {
          "schema_version": 0,
          "attributes": {
            "cors": [],
            "default_event_based_hold": false,
            "encryption": [],
            "force_destroy": true,
            "id": "url-bucket-tf1",
            "labels": null,
            "lifecycle_rule": [],
            "location": "US",
            "logging": [],
            "name": "url-bucket-tf1",
            "project": "neural-foundry-368906",
            "requester_pays": false,
            "retention_policy": [],
            "self_link": "https://www.googleapis.com/storage/v1/b/url-bucket-tf1",
            "storage_class": "STANDARD",
            "timeouts": null,
            "uniform_bucket_level_access": true,
            "url": "gs://url-bucket-tf1",
            "versioning": [],
            "website": []
          },
          "sensitive_attributes": [],
          "private": "eyJlMmJmYjczMC1lY2FhLTExZTYtOGY4OC0zNDM2M2JjN2M0YzAiOnsiY3JlYXRlIjoyNDAwMDAwMDAwMDAsInJlYWQiOjI0MDAwMDAwMDAwMCwidXBkYXRlIjoyNDAwMDAwMDAwMDB9fQ=="
        }
      ]
    },
    {
      "mode": "managed",
      "type": "google_storage_bucket_object",
      "name": "Bucket-object",
      "provider": "provider[\"registry.terraform.io/hashicorp/google\"]",
      "instances": [
        {
          "schema_version": 0,
          "attributes": {
            "bucket": "url-bucket-tf1",
            "cache_control": "",
            "content": null,
            "content_disposition": "",
            "content_encoding": "",
            "content_language": "",
            "content_type": "text/plain; charset=utf-8",
            "crc32c": "8pUaaw==",
            "customer_encryption": [],
            "detect_md5hash": "wDTd867djlr32XSoiXyr/Q==",
            "event_based_hold": false,
            "id": "url-bucket-tf1-My-image",
            "kms_key_name": "",
            "md5hash": "wDTd867djlr32XSoiXyr/Q==",
            "media_link": "https://storage.googleapis.com/download/storage/v1/b/url-bucket-tf1/o/My-image?generation=1673522318991002\u0026alt=media",
            "metadata": null,
            "name": "My-image",
            "output_name": "My-image",
            "self_link": "https://www.googleapis.com/storage/v1/b/url-bucket-tf1/o/My-image",
            "source": "/home/deepugoswami1995/signed url/My_image.png",
            "storage_class": "STANDARD",
            "temporary_hold": false,
            "timeouts": null
          },
          "sensitive_attributes": [],
          "private": "eyJlMmJmYjczMC1lY2FhLTExZTYtOGY4OC0zNDM2M2JjN2M0YzAiOnsiY3JlYXRlIjoyNDAwMDAwMDAwMDAsImRlbGV0ZSI6MjQwMDAwMDAwMDAwLCJ1cGRhdGUiOjI0MDAwMDAwMDAwMH19",
          "dependencies": [
            "google_storage_bucket.MyBucket"
          ]
        }
      ]
    },
    {
      "mode": "managed",
      "type": "null_resource",
      "name": "kohli",
      "provider": "provider[\"registry.terraform.io/hashicorp/null\"]",
      "instances": [
        {
          "schema_version": 0,
          "attributes": {
            "id": "4378396170006561172",
            "triggers": null
          },
          "sensitive_attributes": [],
          "dependencies": [
            "google_storage_bucket.MyBucket",
            "google_storage_bucket_object.Bucket-object"
          ]
        }
      ]
    }
  ],
  "check_results": null
}
